# This file was autogenerated by Stack.
# You should not edit this file by hand.
# For more information, please see the documentation at:
#   https://docs.haskellstack.org/en/stable/lock_files

packages:
- completed:
    subdir: .
    name: purescript
    version: 0.14.4
    git: https://github.com/purescript/purescript.git
    pantry-tree:
      size: 126956
      sha256: 662a4c32229f8fa14f18c94466061fa05d53d9779e656f929eb17b5b93385e6e
    commit: c2a4189338db8369064e06d06d98cf9ff3a3a13d
  original:
    subdir: .
    git: https://github.com/purescript/purescript.git
    commit: c2a4189338db8369064e06d06d98cf9ff3a3a13d
- completed:
    subdir: lib/purescript-cst
    name: purescript-cst
    version: 0.4.0.0
    git: https://github.com/purescript/purescript.git
    pantry-tree:
      size: 3018
      sha256: a198f12749b961597fdb815e8a7bfe1ee4855f2238bb030d7cbe2ec0edd8e058
    commit: c2a4189338db8369064e06d06d98cf9ff3a3a13d
  original:
    subdir: lib/purescript-cst
    git: https://github.com/purescript/purescript.git
    commit: c2a4189338db8369064e06d06d98cf9ff3a3a13d
- completed:
    hackage: language-javascript-0.7.0.0@sha256:3eab0262b8ac5621936a4beab6a0f97d0e00a63455a8b0e3ac1547b4088dae7d,3898
    pantry-tree:
      size: 2244
      sha256: b0f28d836cb3fbde203fd7318a896c3a20acd8653a905e1950ae2d9a64bccebf
  original:
    hackage: language-javascript-0.7.0.0
snapshots:
- completed:
    size: 565712
    url: https://raw.githubusercontent.com/commercialhaskell/stackage-snapshots/master/lts/17/6.yaml
    sha256: 4e5e581a709c88e3fe26a9ce8bf331435729bead762fb5c190064c6c5bb1b835
  original: lts-17.6
